{
  "version": 4,
  "terraform_version": "1.14.9",
  "serial": 12,
  "lineage": "6394b07d-982d-8e86-7944-4992dc1021f9",
  "outputs": {
    "bq_dataset": {
      "value": "dicom_metadata",
      "type": "string"
    },
    "bq_deid_table": {
      "value": "lucas--rios-sandbox.dicom_metadata.deid_instances",
      "type": "string"
    },
    "bq_source_table": {
      "value": "lucas--rios-sandbox.dicom_metadata.source_instances",
      "type": "string"
    },
    "dataset_id": {
      "value": "tf-healthcare_api_dataset",
      "type": "string"
    },
    "deid_store_id": {
      "value": "dicom_deid",
      "type": "string"
    },
    "deid_store_path": {
      "value": "projects/lucas--rios-sandbox/locations/eu/datasets/tf-healthcare_api_dataset/dicomStores/dicom_deid",
      "type": "string"
    },
    "export_bucket": {
      "value": "lucas-rios-sandbox-dicom-export",
      "type": "string"
    },
    "healthcare_service_agent": {
      "value": "service-802907519285@gcp-sa-healthcare.iam.gserviceaccount.com",
      "type": "string"
    },
    "location": {
      "value": "eu",
      "type": "string"
    },
    "project_id": {
      "value": "lucas--rios-sandbox",
      "type": "string"
    },
    "source_store_id": {
      "value": "dicom_source",
      "type": "string"
    },
    "source_store_path": {
      "value": "projects/lucas--rios-sandbox/locations/eu/datasets/tf-healthcare_api_dataset/dicomStores/dicom_source",
      "type": "string"
    }
  },
  "resources": [
    {
      "mode": "managed",
      "type": "google_bigquery_dataset",
      "name": "dicom_meta",
      "provider": "provider[\"registry.terraform.io/hashicorp/google\"]",
      "instances": [
        {
          "index_key": 0,
          "schema_version": 0,
          "attributes": {
            "access": [
              {
                "condition": [],
                "dataset": [],
                "domain": "",
                "group_by_email": "",
                "iam_member": "",
                "role": "OWNER",
                "routine": [],
                "special_group": "",
                "user_by_email": "lucas.rios@devoteam.com",
                "view": []
              },
              {
                "condition": [],
                "dataset": [],
                "domain": "",
                "group_by_email": "",
                "iam_member": "",
                "role": "OWNER",
                "routine": [],
                "special_group": "projectOwners",
                "user_by_email": "",
                "view": []
              },
              {
                "condition": [],
                "dataset": [],
                "domain": "",
                "group_by_email": "",
                "iam_member": "",
                "role": "READER",
                "routine": [],
                "special_group": "projectReaders",
                "user_by_email": "",
                "view": []
              },
              {
                "condition": [],
                "dataset": [],
                "domain": "",
                "group_by_email": "",
                "iam_member": "",
                "role": "WRITER",
                "routine": [],
                "special_group": "projectWriters",
                "user_by_email": "",
                "view": []
              }
            ],
            "creation_time": 1779977524797,
            "dataset_id": "dicom_metadata",
            "default_collation": "",
            "default_encryption_configuration": [],
            "default_partition_expiration_ms": 0,
            "default_table_expiration_ms": 0,
            "delete_contents_on_destroy": true,
            "deletion_policy": "DELETE",
            "description": "Streamed DICOM instance metadata (source + de-identified) for exploration.",
            "effective_labels": {
              "goog-terraform-provisioned": "true"
            },
            "etag": "Ya/R5Etz5wgAJ5CYJdJBHA==",
            "external_catalog_dataset_options": [],
            "external_dataset_reference": [],
            "friendly_name": "",
            "id": "projects/lucas--rios-sandbox/datasets/dicom_metadata",
            "is_case_insensitive": false,
            "labels": null,
            "last_modified_time": 1779977524797,
            "location": "EU",
            "max_time_travel_hours": "168",
            "project": "lucas--rios-sandbox",
            "resource_tags": null,
            "self_link": "https://bigquery.googleapis.com/bigquery/v2/projects/lucas--rios-sandbox/datasets/dicom_metadata",
            "storage_billing_model": "",
            "terraform_labels": {
              "goog-terraform-provisioned": "true"
            },
            "timeouts": null
          },
          "sensitive_attributes": [],
          "identity_schema_version": 0,
          "private": "eyJlMmJmYjczMC1lY2FhLTExZTYtOGY4OC0zNDM2M2JjN2M0YzAiOnsiY3JlYXRlIjoxMjAwMDAwMDAwMDAwLCJkZWxldGUiOjEyMDAwMDAwMDAwMDAsInVwZGF0ZSI6MTIwMDAwMDAwMDAwMH19",
          "dependencies": [
            "google_project_service.bigquery"
          ]
        }
      ]
    },
    {
      "mode": "managed",
      "type": "google_healthcare_dataset",
      "name": "this",
      "provider": "provider[\"registry.terraform.io/hashicorp/google\"]",
      "instances": [
        {
          "schema_version": 0,
          "attributes": {
            "deletion_policy": "DELETE",
            "encryption_spec": [],
            "id": "projects/lucas--rios-sandbox/locations/eu/datasets/tf-healthcare_api_dataset",
            "location": "eu",
            "name": "tf-healthcare_api_dataset",
            "project": "lucas--rios-sandbox",
            "self_link": "projects/lucas--rios-sandbox/locations/eu/datasets/tf-healthcare_api_dataset",
            "time_zone": "UTC",
            "timeouts": null
          },
          "sensitive_attributes": [],
          "identity_schema_version": 1,
          "identity": {
            "location": "eu",
            "name": "tf-healthcare_api_dataset",
            "project": "lucas--rios-sandbox"
          },
          "private": "eyJlMmJmYjczMC1lY2FhLTExZTYtOGY4OC0zNDM2M2JjN2M0YzAiOnsiY3JlYXRlIjoxMjAwMDAwMDAwMDAwLCJkZWxldGUiOjEyMDAwMDAwMDAwMDAsInVwZGF0ZSI6MTIwMDAwMDAwMDAwMH19",
          "dependencies": [
            "google_project_service.healthcare"
          ]
        }
      ]
    },
    {
      "mode": "managed",
      "type": "google_healthcare_dicom_store",
      "name": "deid",
      "provider": "provider[\"registry.terraform.io/hashicorp/google-beta\"]",
      "instances": [
        {
          "schema_version": 0,
          "attributes": {
            "dataset": "projects/lucas--rios-sandbox/locations/eu/datasets/tf-healthcare_api_dataset",
            "deletion_policy": "DELETE",
            "effective_labels": {
              "goog-terraform-provisioned": "true",
              "hospital": "hsa"
            },
            "id": "projects/lucas--rios-sandbox/locations/eu/datasets/tf-healthcare_api_dataset/dicomStores/dicom_deid",
            "labels": {
              "hospital": "hsa"
            },
            "name": "dicom_deid",
            "notification_config": [],
            "self_link": "projects/lucas--rios-sandbox/locations/eu/datasets/tf-healthcare_api_dataset/dicomStores/dicom_deid",
            "stream_configs": [
              {
                "bigquery_destination": [
                  {
                    "table_uri": "bq://lucas--rios-sandbox.dicom_metadata.deid_instances"
                  }
                ]
              }
            ],
            "terraform_labels": {
              "goog-terraform-provisioned": "true",
              "hospital": "hsa"
            },
            "timeouts": null
          },
          "sensitive_attributes": [],
          "identity_schema_version": 1,
          "identity": {
            "dataset": "projects/lucas--rios-sandbox/locations/eu/datasets/tf-healthcare_api_dataset",
            "name": "dicom_deid"
          },
          "private": "eyJlMmJmYjczMC1lY2FhLTExZTYtOGY4OC0zNDM2M2JjN2M0YzAiOnsiY3JlYXRlIjoxMjAwMDAwMDAwMDAwLCJkZWxldGUiOjEyMDAwMDAwMDAwMDAsInVwZGF0ZSI6MTIwMDAwMDAwMDAwMH19",
          "dependencies": [
            "google_bigquery_dataset.dicom_meta",
            "google_healthcare_dataset.this",
            "google_project_iam_member.healthcare_sa_bq_data_editor",
            "google_project_iam_member.healthcare_sa_bq_job_user",
            "google_project_service.bigquery",
            "google_project_service.healthcare",
            "google_project_service_identity.healthcare_sa"
          ]
        }
      ]
    },
    {
      "mode": "managed",
      "type": "google_healthcare_dicom_store",
      "name": "source",
      "provider": "provider[\"registry.terraform.io/hashicorp/google-beta\"]",
      "instances": [
        {
          "schema_version": 0,
          "attributes": {
            "dataset": "projects/lucas--rios-sandbox/locations/eu/datasets/tf-healthcare_api_dataset",
            "deletion_policy": "DELETE",
            "effective_labels": {
              "goog-terraform-provisioned": "true",
              "hospital": "hsa"
            },
            "id": "projects/lucas--rios-sandbox/locations/eu/datasets/tf-healthcare_api_dataset/dicomStores/dicom_source",
            "labels": {
              "hospital": "hsa"
            },
            "name": "dicom_source",
            "notification_config": [],
            "self_link": "projects/lucas--rios-sandbox/locations/eu/datasets/tf-healthcare_api_dataset/dicomStores/dicom_source",
            "stream_configs": [
              {
                "bigquery_destination": [
                  {
                    "table_uri": "bq://lucas--rios-sandbox.dicom_metadata.source_instances"
                  }
                ]
              }
            ],
            "terraform_labels": {
              "goog-terraform-provisioned": "true",
              "hospital": "hsa"
            },
            "timeouts": null
          },
          "sensitive_attributes": [],
          "identity_schema_version": 1,
          "identity": {
            "dataset": "projects/lucas--rios-sandbox/locations/eu/datasets/tf-healthcare_api_dataset",
            "name": "dicom_source"
          },
          "private": "eyJlMmJmYjczMC1lY2FhLTExZTYtOGY4OC0zNDM2M2JjN2M0YzAiOnsiY3JlYXRlIjoxMjAwMDAwMDAwMDAwLCJkZWxldGUiOjEyMDAwMDAwMDAwMDAsInVwZGF0ZSI6MTIwMDAwMDAwMDAwMH19",
          "dependencies": [
            "google_bigquery_dataset.dicom_meta",
            "google_healthcare_dataset.this",
            "google_project_iam_member.healthcare_sa_bq_data_editor",
            "google_project_iam_member.healthcare_sa_bq_job_user",
            "google_project_service.bigquery",
            "google_project_service.healthcare",
            "google_project_service_identity.healthcare_sa"
          ]
        }
      ]
    },
    {
      "mode": "managed",
      "type": "google_project_iam_member",
      "name": "healthcare_sa_bq_data_editor",
      "provider": "provider[\"registry.terraform.io/hashicorp/google\"]",
      "instances": [
        {
          "index_key": 0,
          "schema_version": 0,
          "attributes": {
            "condition": [],
            "etag": "BwZS4VBkISY=",
            "id": "lucas--rios-sandbox/roles/bigquery.dataEditor/serviceAccount:service-802907519285@gcp-sa-healthcare.iam.gserviceaccount.com",
            "member": "serviceAccount:service-802907519285@gcp-sa-healthcare.iam.gserviceaccount.com",
            "project": "lucas--rios-sandbox",
            "role": "roles/bigquery.dataEditor"
          },
          "sensitive_attributes": [],
          "identity_schema_version": 1,
          "identity": {
            "condition_title": null,
            "member": "serviceAccount:service-802907519285@gcp-sa-healthcare.iam.gserviceaccount.com",
            "project": "lucas--rios-sandbox",
            "role": "roles/bigquery.dataEditor"
          },
          "private": "bnVsbA==",
          "dependencies": [
            "google_project_service.healthcare",
            "google_project_service_identity.healthcare_sa"
          ]
        }
      ]
    },
    {
      "mode": "managed",
      "type": "google_project_iam_member",
      "name": "healthcare_sa_bq_job_user",
      "provider": "provider[\"registry.terraform.io/hashicorp/google\"]",
      "instances": [
        {
          "index_key": 0,
          "schema_version": 0,
          "attributes": {
            "condition": [],
            "etag": "BwZS4VBkISY=",
            "id": "lucas--rios-sandbox/roles/bigquery.jobUser/serviceAccount:service-802907519285@gcp-sa-healthcare.iam.gserviceaccount.com",
            "member": "serviceAccount:service-802907519285@gcp-sa-healthcare.iam.gserviceaccount.com",
            "project": "lucas--rios-sandbox",
            "role": "roles/bigquery.jobUser"
          },
          "sensitive_attributes": [],
          "identity_schema_version": 1,
          "identity": {
            "condition_title": null,
            "member": "serviceAccount:service-802907519285@gcp-sa-healthcare.iam.gserviceaccount.com",
            "project": "lucas--rios-sandbox",
            "role": "roles/bigquery.jobUser"
          },
          "private": "bnVsbA==",
          "dependencies": [
            "google_project_service.healthcare",
            "google_project_service_identity.healthcare_sa"
          ]
        }
      ]
    },
    {
      "mode": "managed",
      "type": "google_project_service",
      "name": "bigquery",
      "provider": "provider[\"registry.terraform.io/hashicorp/google\"]",
      "instances": [
        {
          "index_key": 0,
          "schema_version": 0,
          "attributes": {
            "deletion_policy": "DELETE",
            "disable_dependent_services": null,
            "disable_on_destroy": false,
            "id": "lucas--rios-sandbox/bigquery.googleapis.com",
            "project": "lucas--rios-sandbox",
            "service": "bigquery.googleapis.com",
            "timeouts": null
          },
          "sensitive_attributes": [],
          "identity_schema_version": 0,
          "private": "eyJlMmJmYjczMC1lY2FhLTExZTYtOGY4OC0zNDM2M2JjN2M0YzAiOnsiY3JlYXRlIjoxMjAwMDAwMDAwMDAwLCJkZWxldGUiOjEyMDAwMDAwMDAwMDAsInJlYWQiOjYwMDAwMDAwMDAwMCwidXBkYXRlIjoxMjAwMDAwMDAwMDAwfX0="
        }
      ]
    },
    {
      "mode": "managed",
      "type": "google_project_service",
      "name": "healthcare",
      "provider": "provider[\"registry.terraform.io/hashicorp/google\"]",
      "instances": [
        {
          "index_key": 0,
          "schema_version": 0,
          "attributes": {
            "deletion_policy": "DELETE",
            "disable_dependent_services": null,
            "disable_on_destroy": false,
            "id": "lucas--rios-sandbox/healthcare.googleapis.com",
            "project": "lucas--rios-sandbox",
            "service": "healthcare.googleapis.com",
            "timeouts": null
          },
          "sensitive_attributes": [],
          "identity_schema_version": 0,
          "private": "eyJlMmJmYjczMC1lY2FhLTExZTYtOGY4OC0zNDM2M2JjN2M0YzAiOnsiY3JlYXRlIjoxMjAwMDAwMDAwMDAwLCJkZWxldGUiOjEyMDAwMDAwMDAwMDAsInJlYWQiOjYwMDAwMDAwMDAwMCwidXBkYXRlIjoxMjAwMDAwMDAwMDAwfX0="
        }
      ]
    },
    {
      "mode": "managed",
      "type": "google_project_service_identity",
      "name": "healthcare_sa",
      "provider": "provider[\"registry.terraform.io/hashicorp/google-beta\"]",
      "instances": [
        {
          "schema_version": 0,
          "attributes": {
            "email": "service-802907519285@gcp-sa-healthcare.iam.gserviceaccount.com",
            "id": "projects/lucas--rios-sandbox/services/healthcare.googleapis.com",
            "member": "serviceAccount:service-802907519285@gcp-sa-healthcare.iam.gserviceaccount.com",
            "project": "lucas--rios-sandbox",
            "service": "healthcare.googleapis.com",
            "timeouts": null
          },
          "sensitive_attributes": [],
          "identity_schema_version": 0,
          "private": "eyJlMmJmYjczMC1lY2FhLTExZTYtOGY4OC0zNDM2M2JjN2M0YzAiOnsiY3JlYXRlIjoxMjAwMDAwMDAwMDAwLCJkZWxldGUiOjEyMDAwMDAwMDAwMDAsInJlYWQiOjYwMDAwMDAwMDAwMH19",
          "dependencies": [
            "google_project_service.healthcare"
          ]
        }
      ]
    },
    {
      "mode": "managed",
      "type": "google_storage_bucket",
      "name": "export",
      "provider": "provider[\"registry.terraform.io/hashicorp/google\"]",
      "instances": [
        {
          "schema_version": 4,
          "attributes": {
            "autoclass": [],
            "cors": [],
            "custom_placement_config": [],
            "default_event_based_hold": false,
            "deletion_policy": "DELETE",
            "effective_labels": {
              "goog-terraform-provisioned": "true"
            },
            "enable_object_retention": false,
            "encryption": [],
            "force_destroy": true,
            "hierarchical_namespace": [
              {
                "enabled": false
              }
            ],
            "id": "lucas-rios-sandbox-dicom-export",
            "ip_filter": [],
            "labels": null,
            "lifecycle_rule": [],
            "location": "EU",
            "logging": [],
            "name": "lucas-rios-sandbox-dicom-export",
            "project": "lucas--rios-sandbox",
            "project_number": 802907519285,
            "public_access_prevention": "inherited",
            "requester_pays": false,
            "retention_policy": [],
            "rpo": "DEFAULT",
            "self_link": "https://www.googleapis.com/storage/v1/b/lucas-rios-sandbox-dicom-export",
            "soft_delete_policy": [
              {
                "effective_time": "2026-05-28T14:12:00.986Z",
                "retention_duration_seconds": 604800
              }
            ],
            "storage_class": "STANDARD",
            "terraform_labels": {
              "goog-terraform-provisioned": "true"
            },
            "time_created": "2026-05-28T14:12:00.986Z",
            "timeouts": null,
            "uniform_bucket_level_access": true,
            "updated": "2026-05-28T14:12:00.986Z",
            "url": "gs://lucas-rios-sandbox-dicom-export",
            "versioning": [],
            "website": []
          },
          "sensitive_attributes": [],
          "identity_schema_version": 1,
          "identity": {
            "name": "lucas-rios-sandbox-dicom-export",
            "project": "lucas--rios-sandbox"
          },
          "private": "eyJlMmJmYjczMC1lY2FhLTExZTYtOGY4OC0zNDM2M2JjN2M0YzAiOnsiY3JlYXRlIjo2MDAwMDAwMDAwMDAsInJlYWQiOjI0MDAwMDAwMDAwMCwidXBkYXRlIjoyNDAwMDAwMDAwMDB9LCJzY2hlbWFfdmVyc2lvbiI6IjQifQ=="
        }
      ]
    },
    {
      "mode": "managed",
      "type": "google_storage_bucket_iam_member",
      "name": "healthcare_sa_object_admin",
      "provider": "provider[\"registry.terraform.io/hashicorp/google\"]",
      "instances": [
        {
          "schema_version": 0,
          "attributes": {
            "bucket": "b/lucas-rios-sandbox-dicom-export",
            "condition": [],
            "etag": "CAI=",
            "id": "b/lucas-rios-sandbox-dicom-export/roles/storage.objectAdmin/serviceAccount:service-802907519285@gcp-sa-healthcare.iam.gserviceaccount.com",
            "member": "serviceAccount:service-802907519285@gcp-sa-healthcare.iam.gserviceaccount.com",
            "role": "roles/storage.objectAdmin",
            "timeouts": null
          },
          "sensitive_attributes": [],
          "identity_schema_version": 0,
          "private": "eyJlMmJmYjczMC1lY2FhLTExZTYtOGY4OC0zNDM2M2JjN2M0YzAiOnsiY3JlYXRlIjoxMjAwMDAwMDAwMDAwfX0=",
          "dependencies": [
            "google_project_service.healthcare",
            "google_project_service_identity.healthcare_sa",
            "google_storage_bucket.export"
          ]
        }
      ]
    }
  ],
  "check_results": null
}
